# This file is automatically @generated by Poetry 1.8.3 and should not be changed by hand.

[[package]]
name = "libversion"
version = "1.2.4"
description = "Python bindings for libversion"
optional = false
python-versions = "*"
files = [
    {file = "libversion-1.2.4.tar.gz", hash = "sha256:1ce9112917a964cac7443b8a81553091f91051bec0a90635fd9c05afc7c9c087"},
]

[metadata]
lock-version = "2.0"
python-versions = "^3.12"
content-hash = "941e79eacd1ea5be64c5dd4125ebc71b57b0ddd82181b856dd0d7845ee730658"
